
Microsoft Visual Studio Solution File, Format Version 12.00
# Visual Studio 2013
VisualStudioVersion = 12.0.21005.1
MinimumVisualStudioVersion = 10.0.40219.1
Project("{E24C65DC-7377-472B-9ABA-BC803B73C61A}") = "Elgransaber1", "Elgransaber1\", "{CF68BFF1-182E-424D-B073-94C6D180BAA3}"
	ProjectSection(WebsiteProperties) = preProject
		TargetFrameworkMoniker = ".NETFramework,Version%3Dv4.5"
		Debug.AspNetCompiler.VirtualPath = "/localhost_62166"
		Debug.AspNetCompiler.PhysicalPath = "Elgransaber1\"
		Debug.AspNetCompiler.TargetPath = "PrecompiledWeb\localhost_62166\"
		Debug.AspNetCompiler.Updateable = "true"
		Debug.AspNetCompiler.ForceOverwrite = "true"
		Debug.AspNetCompiler.FixedNames = "false"
		Debug.AspNetCompiler.Debug = "True"
		Release.AspNetCompiler.VirtualPath = "/localhost_62166"
		Release.AspNetCompiler.PhysicalPath = "Elgransaber1\"
		Release.AspNetCompiler.TargetPath = "PrecompiledWeb\localhost_62166\"
		Release.AspNetCompiler.Updateable = "true"
		Release.AspNetCompiler.ForceOverwrite = "true"
		Release.AspNetCompiler.FixedNames = "false"
		Release.AspNetCompiler.Debug = "False"
		VWDPort = "62166"
		SlnRelativePath = "Elgransaber1\"
		DefaultWebSiteLanguage = "Visual C#"
	EndProjectSection
EndProject
Global
	GlobalSection(SolutionConfigurationPlatforms) = preSolution
		Debug|Any CPU = Debug|Any CPU
	EndGlobalSection
	GlobalSection(ProjectConfigurationPlatforms) = postSolution
		{CF68BFF1-182E-424D-B073-94C6D180BAA3}.Debug|Any CPU.ActiveCfg = Debug|Any CPU
		{CF68BFF1-182E-424D-B073-94C6D180BAA3}.Debug|Any CPU.Build.0 = Debug|Any CPU
	EndGlobalSection
	GlobalSection(SolutionProperties) = preSolution
		HideSolutionNode = FALSE
	EndGlobalSection
	GlobalSection(ExtensibilityGlobals) = postSolution
		SolutionGuid = {5C0DF529-0051-4A7A-8410-F1769FF1F0DA}
	EndGlobalSection
EndGlobal
